
Microsoft Visual Studio Solution File, Format Version 12.00
# Visual Studio 2013
VisualStudioVersion = 12.0.21005.1
MinimumVisualStudioVersion = 10.0.40219.1
Project("{FAE04EC0-301F-11D3-BF4B-00C04F79EFBC}") = "Tool", "Tool\Tool.csproj", "{075DAAD0-AC20-46AD-A2F8-763F033A8858}"
EndProject
Project("{FAE04EC0-301F-11D3-BF4B-00C04F79EFBC}") = "JCSJWCF", "JCSJWCF\JCSJWCF.csproj", "{28DEAFAF-7E89-412F-B4C3-E1B38174DC77}"
EndProject
Project("{FAE04EC0-301F-11D3-BF4B-00C04F79EFBC}") = "JCSJGL", "JCSJGL\JCSJGL.csproj", "{06D046C5-DDC1-4A82-B536-65C18F2CFCDE}"
EndProject
Project("{FAE04EC0-301F-11D3-BF4B-00C04F79EFBC}") = "FDXS", "FDXS\FDXS.csproj", "{BF469DD1-3074-41AD-B81C-5AAC75D8C021}"
	ProjectSection(ProjectDependencies) = postProject
		{28DEAFAF-7E89-412F-B4C3-E1B38174DC77} = {28DEAFAF-7E89-412F-B4C3-E1B38174DC77}
	EndProjectSection
EndProject
Project("{FAE04EC0-301F-11D3-BF4B-00C04F79EFBC}") = "RawInput", "RawInput\RawInput.csproj", "{4143D085-38CF-4640-BB05-2FDFFAF94D76}"
EndProject
Project("{FAE04EC0-301F-11D3-BF4B-00C04F79EFBC}") = "DB_JCSJ", "DB_JCSJ\DB_JCSJ.csproj", "{37D3328A-3F55-41E6-93F2-9F03EC17AFEC}"
EndProject
Project("{FAE04EC0-301F-11D3-BF4B-00C04F79EFBC}") = "DB_CK", "DB_CK\DB_CK.csproj", "{DCC7BBFD-DA82-42B6-96A5-86084E2BB40A}"
EndProject
Project("{FAE04EC0-301F-11D3-BF4B-00C04F79EFBC}") = "DB_FD", "DB_FD\DB_FD.csproj", "{B93AE903-7C0C-4C2B-8B9E-B7FDAA678059}"
EndProject
Project("{FAE04EC0-301F-11D3-BF4B-00C04F79EFBC}") = "CKGL", "CKGL\CKGL.csproj", "{45798A63-AF32-43A9-8EEC-16AF4C271878}"
EndProject
Project("{FAE04EC0-301F-11D3-BF4B-00C04F79EFBC}") = "BIANMA", "BIANMA\BIANMA.csproj", "{359232C3-26C9-45D1-89AD-EA906F977213}"
	ProjectSection(ProjectDependencies) = postProject
		{28DEAFAF-7E89-412F-B4C3-E1B38174DC77} = {28DEAFAF-7E89-412F-B4C3-E1B38174DC77}
	EndProjectSection
EndProject
Project("{FAE04EC0-301F-11D3-BF4B-00C04F79EFBC}") = "DataTranslate", "DataTranslate\DataTranslate.csproj", "{F2405033-2511-4365-8F07-7989FB98FBE6}"
EndProject
Global
	GlobalSection(SolutionConfigurationPlatforms) = preSolution
		Debug|Any CPU = Debug|Any CPU
		Debug|x64 = Debug|x64
		Debug|x86 = Debug|x86
		Release|Any CPU = Release|Any CPU
		Release|x64 = Release|x64
		Release|x86 = Release|x86
	EndGlobalSection
	GlobalSection(ProjectConfigurationPlatforms) = postSolution
		{075DAAD0-AC20-46AD-A2F8-763F033A8858}.Debug|Any CPU.ActiveCfg = Debug|Any CPU
		{075DAAD0-AC20-46AD-A2F8-763F033A8858}.Debug|Any CPU.Build.0 = Debug|Any CPU
		{075DAAD0-AC20-46AD-A2F8-763F033A8858}.Debug|x64.ActiveCfg = Debug|Any CPU
		{075DAAD0-AC20-46AD-A2F8-763F033A8858}.Debug|x86.ActiveCfg = Debug|Any CPU
		{075DAAD0-AC20-46AD-A2F8-763F033A8858}.Release|Any CPU.ActiveCfg = Release|Any CPU
		{075DAAD0-AC20-46AD-A2F8-763F033A8858}.Release|Any CPU.Build.0 = Release|Any CPU
		{075DAAD0-AC20-46AD-A2F8-763F033A8858}.Release|x64.ActiveCfg = Release|Any CPU
		{075DAAD0-AC20-46AD-A2F8-763F033A8858}.Release|x86.ActiveCfg = Release|Any CPU
		{28DEAFAF-7E89-412F-B4C3-E1B38174DC77}.Debug|Any CPU.ActiveCfg = Debug|Any CPU
		{28DEAFAF-7E89-412F-B4C3-E1B38174DC77}.Debug|Any CPU.Build.0 = Debug|Any CPU
		{28DEAFAF-7E89-412F-B4C3-E1B38174DC77}.Debug|x64.ActiveCfg = Debug|Any CPU
		{28DEAFAF-7E89-412F-B4C3-E1B38174DC77}.Debug|x86.ActiveCfg = Debug|Any CPU
		{28DEAFAF-7E89-412F-B4C3-E1B38174DC77}.Release|Any CPU.ActiveCfg = Release|Any CPU
		{28DEAFAF-7E89-412F-B4C3-E1B38174DC77}.Release|Any CPU.Build.0 = Release|Any CPU
		{28DEAFAF-7E89-412F-B4C3-E1B38174DC77}.Release|x64.ActiveCfg = Release|Any CPU
		{28DEAFAF-7E89-412F-B4C3-E1B38174DC77}.Release|x86.ActiveCfg = Release|Any CPU
		{06D046C5-DDC1-4A82-B536-65C18F2CFCDE}.Debug|Any CPU.ActiveCfg = Debug|Any CPU
		{06D046C5-DDC1-4A82-B536-65C18F2CFCDE}.Debug|Any CPU.Build.0 = Debug|Any CPU
		{06D046C5-DDC1-4A82-B536-65C18F2CFCDE}.Debug|x64.ActiveCfg = Debug|Any CPU
		{06D046C5-DDC1-4A82-B536-65C18F2CFCDE}.Debug|x86.ActiveCfg = Debug|Any CPU
		{06D046C5-DDC1-4A82-B536-65C18F2CFCDE}.Release|Any CPU.ActiveCfg = Release|Any CPU
		{06D046C5-DDC1-4A82-B536-65C18F2CFCDE}.Release|Any CPU.Build.0 = Release|Any CPU
		{06D046C5-DDC1-4A82-B536-65C18F2CFCDE}.Release|x64.ActiveCfg = Release|Any CPU
		{06D046C5-DDC1-4A82-B536-65C18F2CFCDE}.Release|x86.ActiveCfg = Release|Any CPU
		{BF469DD1-3074-41AD-B81C-5AAC75D8C021}.Debug|Any CPU.ActiveCfg = Debug|Any CPU
		{BF469DD1-3074-41AD-B81C-5AAC75D8C021}.Debug|Any CPU.Build.0 = Debug|Any CPU
		{BF469DD1-3074-41AD-B81C-5AAC75D8C021}.Debug|x64.ActiveCfg = Debug|Any CPU
		{BF469DD1-3074-41AD-B81C-5AAC75D8C021}.Debug|x86.ActiveCfg = Debug|Any CPU
		{BF469DD1-3074-41AD-B81C-5AAC75D8C021}.Release|Any CPU.ActiveCfg = Release|Any CPU
		{BF469DD1-3074-41AD-B81C-5AAC75D8C021}.Release|Any CPU.Build.0 = Release|Any CPU
		{BF469DD1-3074-41AD-B81C-5AAC75D8C021}.Release|x64.ActiveCfg = Release|Any CPU
		{BF469DD1-3074-41AD-B81C-5AAC75D8C021}.Release|x86.ActiveCfg = Release|Any CPU
		{4143D085-38CF-4640-BB05-2FDFFAF94D76}.Debug|Any CPU.ActiveCfg = Debug|Any CPU
		{4143D085-38CF-4640-BB05-2FDFFAF94D76}.Debug|Any CPU.Build.0 = Debug|Any CPU
		{4143D085-38CF-4640-BB05-2FDFFAF94D76}.Debug|x64.ActiveCfg = Debug|x64
		{4143D085-38CF-4640-BB05-2FDFFAF94D76}.Debug|x64.Build.0 = Debug|x64
		{4143D085-38CF-4640-BB05-2FDFFAF94D76}.Debug|x86.ActiveCfg = Debug|x86
		{4143D085-38CF-4640-BB05-2FDFFAF94D76}.Debug|x86.Build.0 = Debug|x86
		{4143D085-38CF-4640-BB05-2FDFFAF94D76}.Release|Any CPU.ActiveCfg = Release|Any CPU
		{4143D085-38CF-4640-BB05-2FDFFAF94D76}.Release|Any CPU.Build.0 = Release|Any CPU
		{4143D085-38CF-4640-BB05-2FDFFAF94D76}.Release|x64.ActiveCfg = Release|x64
		{4143D085-38CF-4640-BB05-2FDFFAF94D76}.Release|x64.Build.0 = Release|x64
		{4143D085-38CF-4640-BB05-2FDFFAF94D76}.Release|x86.ActiveCfg = Release|x86
		{4143D085-38CF-4640-BB05-2FDFFAF94D76}.Release|x86.Build.0 = Release|x86
		{37D3328A-3F55-41E6-93F2-9F03EC17AFEC}.Debug|Any CPU.ActiveCfg = Debug|Any CPU
		{37D3328A-3F55-41E6-93F2-9F03EC17AFEC}.Debug|Any CPU.Build.0 = Debug|Any CPU
		{37D3328A-3F55-41E6-93F2-9F03EC17AFEC}.Debug|x64.ActiveCfg = Debug|Any CPU
		{37D3328A-3F55-41E6-93F2-9F03EC17AFEC}.Debug|x86.ActiveCfg = Debug|Any CPU
		{37D3328A-3F55-41E6-93F2-9F03EC17AFEC}.Release|Any CPU.ActiveCfg = Release|Any CPU
		{37D3328A-3F55-41E6-93F2-9F03EC17AFEC}.Release|Any CPU.Build.0 = Release|Any CPU
		{37D3328A-3F55-41E6-93F2-9F03EC17AFEC}.Release|x64.ActiveCfg = Release|Any CPU
		{37D3328A-3F55-41E6-93F2-9F03EC17AFEC}.Release|x86.ActiveCfg = Release|Any CPU
		{DCC7BBFD-DA82-42B6-96A5-86084E2BB40A}.Debug|Any CPU.ActiveCfg = Debug|Any CPU
		{DCC7BBFD-DA82-42B6-96A5-86084E2BB40A}.Debug|Any CPU.Build.0 = Debug|Any CPU
		{DCC7BBFD-DA82-42B6-96A5-86084E2BB40A}.Debug|x64.ActiveCfg = Debug|Any CPU
		{DCC7BBFD-DA82-42B6-96A5-86084E2BB40A}.Debug|x86.ActiveCfg = Debug|Any CPU
		{DCC7BBFD-DA82-42B6-96A5-86084E2BB40A}.Release|Any CPU.ActiveCfg = Release|Any CPU
		{DCC7BBFD-DA82-42B6-96A5-86084E2BB40A}.Release|Any CPU.Build.0 = Release|Any CPU
		{DCC7BBFD-DA82-42B6-96A5-86084E2BB40A}.Release|x64.ActiveCfg = Release|Any CPU
		{DCC7BBFD-DA82-42B6-96A5-86084E2BB40A}.Release|x86.ActiveCfg = Release|Any CPU
		{B93AE903-7C0C-4C2B-8B9E-B7FDAA678059}.Debug|Any CPU.ActiveCfg = Debug|Any CPU
		{B93AE903-7C0C-4C2B-8B9E-B7FDAA678059}.Debug|Any CPU.Build.0 = Debug|Any CPU
		{B93AE903-7C0C-4C2B-8B9E-B7FDAA678059}.Debug|x64.ActiveCfg = Debug|Any CPU
		{B93AE903-7C0C-4C2B-8B9E-B7FDAA678059}.Debug|x86.ActiveCfg = Debug|Any CPU
		{B93AE903-7C0C-4C2B-8B9E-B7FDAA678059}.Release|Any CPU.ActiveCfg = Release|Any CPU
		{B93AE903-7C0C-4C2B-8B9E-B7FDAA678059}.Release|Any CPU.Build.0 = Release|Any CPU
		{B93AE903-7C0C-4C2B-8B9E-B7FDAA678059}.Release|x64.ActiveCfg = Release|Any CPU
		{B93AE903-7C0C-4C2B-8B9E-B7FDAA678059}.Release|x86.ActiveCfg = Release|Any CPU
		{45798A63-AF32-43A9-8EEC-16AF4C271878}.Debug|Any CPU.ActiveCfg = Debug|Any CPU
		{45798A63-AF32-43A9-8EEC-16AF4C271878}.Debug|Any CPU.Build.0 = Debug|Any CPU
		{45798A63-AF32-43A9-8EEC-16AF4C271878}.Debug|x64.ActiveCfg = Debug|Any CPU
		{45798A63-AF32-43A9-8EEC-16AF4C271878}.Debug|x86.ActiveCfg = Debug|Any CPU
		{45798A63-AF32-43A9-8EEC-16AF4C271878}.Release|Any CPU.ActiveCfg = Release|Any CPU
		{45798A63-AF32-43A9-8EEC-16AF4C271878}.Release|Any CPU.Build.0 = Release|Any CPU
		{45798A63-AF32-43A9-8EEC-16AF4C271878}.Release|x64.ActiveCfg = Release|Any CPU
		{45798A63-AF32-43A9-8EEC-16AF4C271878}.Release|x86.ActiveCfg = Release|Any CPU
		{359232C3-26C9-45D1-89AD-EA906F977213}.Debug|Any CPU.ActiveCfg = Debug|Any CPU
		{359232C3-26C9-45D1-89AD-EA906F977213}.Debug|Any CPU.Build.0 = Debug|Any CPU
		{359232C3-26C9-45D1-89AD-EA906F977213}.Debug|x64.ActiveCfg = Debug|Any CPU
		{359232C3-26C9-45D1-89AD-EA906F977213}.Debug|x86.ActiveCfg = Debug|Any CPU
		{359232C3-26C9-45D1-89AD-EA906F977213}.Release|Any CPU.ActiveCfg = Release|Any CPU
		{359232C3-26C9-45D1-89AD-EA906F977213}.Release|Any CPU.Build.0 = Release|Any CPU
		{359232C3-26C9-45D1-89AD-EA906F977213}.Release|x64.ActiveCfg = Release|Any CPU
		{359232C3-26C9-45D1-89AD-EA906F977213}.Release|x86.ActiveCfg = Release|Any CPU
		{F2405033-2511-4365-8F07-7989FB98FBE6}.Debug|Any CPU.ActiveCfg = Debug|Any CPU
		{F2405033-2511-4365-8F07-7989FB98FBE6}.Debug|Any CPU.Build.0 = Debug|Any CPU
		{F2405033-2511-4365-8F07-7989FB98FBE6}.Debug|x64.ActiveCfg = Debug|Any CPU
		{F2405033-2511-4365-8F07-7989FB98FBE6}.Debug|x86.ActiveCfg = Debug|Any CPU
		{F2405033-2511-4365-8F07-7989FB98FBE6}.Release|Any CPU.ActiveCfg = Release|Any CPU
		{F2405033-2511-4365-8F07-7989FB98FBE6}.Release|Any CPU.Build.0 = Release|Any CPU
		{F2405033-2511-4365-8F07-7989FB98FBE6}.Release|x64.ActiveCfg = Release|Any CPU
		{F2405033-2511-4365-8F07-7989FB98FBE6}.Release|x86.ActiveCfg = Release|Any CPU
	EndGlobalSection
	GlobalSection(SolutionProperties) = preSolution
		HideSolutionNode = FALSE
	EndGlobalSection
EndGlobal
