
Microsoft Visual Studio Solution File, Format Version 12.00
# Visual Studio 2013
VisualStudioVersion = 12.0.21005.1
MinimumVisualStudioVersion = 10.0.40219.1
Project("{FAE04EC0-301F-11D3-BF4B-00C04F79EFBC}") = "FDXS（分店销售）", "FDXS\FDXS（分店销售）.csproj", "{BF469DD1-3074-41AD-B81C-5AAC75D8C021}"
EndProject
Project("{FAE04EC0-301F-11D3-BF4B-00C04F79EFBC}") = "BBZX（报表中心）", "ZYXT_WB\BBZX（报表中心）.csproj", "{555BEDC9-16AC-4038-86F8-AD09D6CF180F}"
EndProject
Project("{FAE04EC0-301F-11D3-BF4B-00C04F79EFBC}") = "CKGL（仓库管理）", "ZYXT_ZM\CKGL（仓库管理）.csproj", "{15773901-8064-421E-B24F-AE844CA89749}"
EndProject
Project("{FAE04EC0-301F-11D3-BF4B-00C04F79EFBC}") = "BBWCF（报表数据服务）", "ZYXT_WCF\BBWCF（报表数据服务）.csproj", "{E5F9E04F-4DB9-4B86-856F-3C7ED7E859D4}"
EndProject
Project("{FAE04EC0-301F-11D3-BF4B-00C04F79EFBC}") = "Tool（共通接口）", "Tool\Tool（共通接口）.csproj", "{075DAAD0-AC20-46AD-A2F8-763F033A8858}"
EndProject
Project("{00D1A9C2-B5F0-4AF3-8072-F6C62B433612}") = "FDB（分店数据库）", "FDB\FDB（分店数据库）.sqlproj", "{E9D45814-4D59-49A1-ABDF-BB567B14C0E8}"
EndProject
Project("{00D1A9C2-B5F0-4AF3-8072-F6C62B433612}") = "ZDB（中心数据库）", "ZDB\ZDB（中心数据库）.sqlproj", "{A23D1835-71C1-4431-953F-8C8AE79A0DEA}"
EndProject
Project("{FAE04EC0-301F-11D3-BF4B-00C04F79EFBC}") = "FDXS_Beta", "FDXS_Beta\FDXS_Beta.csproj", "{56DAC512-90DC-4D2C-BF7C-882973BCBCA6}"
EndProject
Project("{00D1A9C2-B5F0-4AF3-8072-F6C62B433612}") = "FDB_Beta", "FDB_Beta\FDB_Beta.sqlproj", "{58E941EA-606A-479D-964B-946966B59D2A}"
EndProject
Project("{FAE04EC0-301F-11D3-BF4B-00C04F79EFBC}") = "RawInput（扫描枪辨别工具）", "RawInput\RawInput（扫描枪辨别工具）.csproj", "{4143D085-38CF-4640-BB05-2FDFFAF94D76}"
EndProject
Project("{FAE04EC0-301F-11D3-BF4B-00C04F79EFBC}") = "BIANMA（编码系统）", "BIANMA\BIANMA（编码系统）.csproj", "{359232C3-26C9-45D1-89AD-EA906F977213}"
EndProject
Project("{FAE04EC0-301F-11D3-BF4B-00C04F79EFBC}") = "JCWCF（基础数据服务）", "JCWCF\JCWCF（基础数据服务）.csproj", "{BB1180AE-3FB9-41FC-9DCD-562DEB0B7DA4}"
EndProject
Project("{FAE04EC0-301F-11D3-BF4B-00C04F79EFBC}") = "JCSJZX", "JCSJZX\JCSJZX.csproj", "{E625A412-9075-4872-BD2B-4D8A4CD37A05}"
EndProject
Global
	GlobalSection(SolutionConfigurationPlatforms) = preSolution
		Debug|Any CPU = Debug|Any CPU
		Debug|x64 = Debug|x64
		Debug|x86 = Debug|x86
		Release|Any CPU = Release|Any CPU
		Release|x64 = Release|x64
		Release|x86 = Release|x86
	EndGlobalSection
	GlobalSection(ProjectConfigurationPlatforms) = postSolution
		{BF469DD1-3074-41AD-B81C-5AAC75D8C021}.Debug|Any CPU.ActiveCfg = Debug|Any CPU
		{BF469DD1-3074-41AD-B81C-5AAC75D8C021}.Debug|Any CPU.Build.0 = Debug|Any CPU
		{BF469DD1-3074-41AD-B81C-5AAC75D8C021}.Debug|x64.ActiveCfg = Debug|Any CPU
		{BF469DD1-3074-41AD-B81C-5AAC75D8C021}.Debug|x86.ActiveCfg = Debug|Any CPU
		{BF469DD1-3074-41AD-B81C-5AAC75D8C021}.Release|Any CPU.ActiveCfg = Release|Any CPU
		{BF469DD1-3074-41AD-B81C-5AAC75D8C021}.Release|Any CPU.Build.0 = Release|Any CPU
		{BF469DD1-3074-41AD-B81C-5AAC75D8C021}.Release|x64.ActiveCfg = Release|Any CPU
		{BF469DD1-3074-41AD-B81C-5AAC75D8C021}.Release|x86.ActiveCfg = Release|Any CPU
		{555BEDC9-16AC-4038-86F8-AD09D6CF180F}.Debug|Any CPU.ActiveCfg = Debug|Any CPU
		{555BEDC9-16AC-4038-86F8-AD09D6CF180F}.Debug|Any CPU.Build.0 = Debug|Any CPU
		{555BEDC9-16AC-4038-86F8-AD09D6CF180F}.Debug|x64.ActiveCfg = Debug|Any CPU
		{555BEDC9-16AC-4038-86F8-AD09D6CF180F}.Debug|x86.ActiveCfg = Debug|Any CPU
		{555BEDC9-16AC-4038-86F8-AD09D6CF180F}.Release|Any CPU.ActiveCfg = Release|Any CPU
		{555BEDC9-16AC-4038-86F8-AD09D6CF180F}.Release|Any CPU.Build.0 = Release|Any CPU
		{555BEDC9-16AC-4038-86F8-AD09D6CF180F}.Release|x64.ActiveCfg = Release|Any CPU
		{555BEDC9-16AC-4038-86F8-AD09D6CF180F}.Release|x86.ActiveCfg = Release|Any CPU
		{15773901-8064-421E-B24F-AE844CA89749}.Debug|Any CPU.ActiveCfg = Debug|Any CPU
		{15773901-8064-421E-B24F-AE844CA89749}.Debug|Any CPU.Build.0 = Debug|Any CPU
		{15773901-8064-421E-B24F-AE844CA89749}.Debug|x64.ActiveCfg = Debug|Any CPU
		{15773901-8064-421E-B24F-AE844CA89749}.Debug|x86.ActiveCfg = Debug|Any CPU
		{15773901-8064-421E-B24F-AE844CA89749}.Release|Any CPU.ActiveCfg = Release|Any CPU
		{15773901-8064-421E-B24F-AE844CA89749}.Release|Any CPU.Build.0 = Release|Any CPU
		{15773901-8064-421E-B24F-AE844CA89749}.Release|x64.ActiveCfg = Release|Any CPU
		{15773901-8064-421E-B24F-AE844CA89749}.Release|x86.ActiveCfg = Release|Any CPU
		{E5F9E04F-4DB9-4B86-856F-3C7ED7E859D4}.Debug|Any CPU.ActiveCfg = Debug|Any CPU
		{E5F9E04F-4DB9-4B86-856F-3C7ED7E859D4}.Debug|Any CPU.Build.0 = Debug|Any CPU
		{E5F9E04F-4DB9-4B86-856F-3C7ED7E859D4}.Debug|x64.ActiveCfg = Debug|Any CPU
		{E5F9E04F-4DB9-4B86-856F-3C7ED7E859D4}.Debug|x86.ActiveCfg = Debug|Any CPU
		{E5F9E04F-4DB9-4B86-856F-3C7ED7E859D4}.Release|Any CPU.ActiveCfg = Release|Any CPU
		{E5F9E04F-4DB9-4B86-856F-3C7ED7E859D4}.Release|Any CPU.Build.0 = Release|Any CPU
		{E5F9E04F-4DB9-4B86-856F-3C7ED7E859D4}.Release|x64.ActiveCfg = Release|Any CPU
		{E5F9E04F-4DB9-4B86-856F-3C7ED7E859D4}.Release|x86.ActiveCfg = Release|Any CPU
		{075DAAD0-AC20-46AD-A2F8-763F033A8858}.Debug|Any CPU.ActiveCfg = Debug|Any CPU
		{075DAAD0-AC20-46AD-A2F8-763F033A8858}.Debug|Any CPU.Build.0 = Debug|Any CPU
		{075DAAD0-AC20-46AD-A2F8-763F033A8858}.Debug|x64.ActiveCfg = Debug|Any CPU
		{075DAAD0-AC20-46AD-A2F8-763F033A8858}.Debug|x86.ActiveCfg = Debug|Any CPU
		{075DAAD0-AC20-46AD-A2F8-763F033A8858}.Release|Any CPU.ActiveCfg = Release|Any CPU
		{075DAAD0-AC20-46AD-A2F8-763F033A8858}.Release|Any CPU.Build.0 = Release|Any CPU
		{075DAAD0-AC20-46AD-A2F8-763F033A8858}.Release|x64.ActiveCfg = Release|Any CPU
		{075DAAD0-AC20-46AD-A2F8-763F033A8858}.Release|x86.ActiveCfg = Release|Any CPU
		{E9D45814-4D59-49A1-ABDF-BB567B14C0E8}.Debug|Any CPU.ActiveCfg = Debug|Any CPU
		{E9D45814-4D59-49A1-ABDF-BB567B14C0E8}.Debug|Any CPU.Build.0 = Debug|Any CPU
		{E9D45814-4D59-49A1-ABDF-BB567B14C0E8}.Debug|Any CPU.Deploy.0 = Debug|Any CPU
		{E9D45814-4D59-49A1-ABDF-BB567B14C0E8}.Debug|x64.ActiveCfg = Debug|Any CPU
		{E9D45814-4D59-49A1-ABDF-BB567B14C0E8}.Debug|x86.ActiveCfg = Debug|Any CPU
		{E9D45814-4D59-49A1-ABDF-BB567B14C0E8}.Release|Any CPU.ActiveCfg = Release|Any CPU
		{E9D45814-4D59-49A1-ABDF-BB567B14C0E8}.Release|Any CPU.Build.0 = Release|Any CPU
		{E9D45814-4D59-49A1-ABDF-BB567B14C0E8}.Release|Any CPU.Deploy.0 = Release|Any CPU
		{E9D45814-4D59-49A1-ABDF-BB567B14C0E8}.Release|x64.ActiveCfg = Release|Any CPU
		{E9D45814-4D59-49A1-ABDF-BB567B14C0E8}.Release|x86.ActiveCfg = Release|Any CPU
		{A23D1835-71C1-4431-953F-8C8AE79A0DEA}.Debug|Any CPU.ActiveCfg = Debug|Any CPU
		{A23D1835-71C1-4431-953F-8C8AE79A0DEA}.Debug|Any CPU.Build.0 = Debug|Any CPU
		{A23D1835-71C1-4431-953F-8C8AE79A0DEA}.Debug|Any CPU.Deploy.0 = Debug|Any CPU
		{A23D1835-71C1-4431-953F-8C8AE79A0DEA}.Debug|x64.ActiveCfg = Debug|Any CPU
		{A23D1835-71C1-4431-953F-8C8AE79A0DEA}.Debug|x86.ActiveCfg = Debug|Any CPU
		{A23D1835-71C1-4431-953F-8C8AE79A0DEA}.Release|Any CPU.ActiveCfg = Release|Any CPU
		{A23D1835-71C1-4431-953F-8C8AE79A0DEA}.Release|Any CPU.Build.0 = Release|Any CPU
		{A23D1835-71C1-4431-953F-8C8AE79A0DEA}.Release|Any CPU.Deploy.0 = Release|Any CPU
		{A23D1835-71C1-4431-953F-8C8AE79A0DEA}.Release|x64.ActiveCfg = Release|Any CPU
		{A23D1835-71C1-4431-953F-8C8AE79A0DEA}.Release|x86.ActiveCfg = Release|Any CPU
		{56DAC512-90DC-4D2C-BF7C-882973BCBCA6}.Debug|Any CPU.ActiveCfg = Debug|Any CPU
		{56DAC512-90DC-4D2C-BF7C-882973BCBCA6}.Debug|Any CPU.Build.0 = Debug|Any CPU
		{56DAC512-90DC-4D2C-BF7C-882973BCBCA6}.Debug|x64.ActiveCfg = Debug|Any CPU
		{56DAC512-90DC-4D2C-BF7C-882973BCBCA6}.Debug|x86.ActiveCfg = Debug|Any CPU
		{56DAC512-90DC-4D2C-BF7C-882973BCBCA6}.Release|Any CPU.ActiveCfg = Release|Any CPU
		{56DAC512-90DC-4D2C-BF7C-882973BCBCA6}.Release|Any CPU.Build.0 = Release|Any CPU
		{56DAC512-90DC-4D2C-BF7C-882973BCBCA6}.Release|x64.ActiveCfg = Release|Any CPU
		{56DAC512-90DC-4D2C-BF7C-882973BCBCA6}.Release|x86.ActiveCfg = Release|Any CPU
		{58E941EA-606A-479D-964B-946966B59D2A}.Debug|Any CPU.ActiveCfg = Debug|Any CPU
		{58E941EA-606A-479D-964B-946966B59D2A}.Debug|Any CPU.Build.0 = Debug|Any CPU
		{58E941EA-606A-479D-964B-946966B59D2A}.Debug|Any CPU.Deploy.0 = Debug|Any CPU
		{58E941EA-606A-479D-964B-946966B59D2A}.Debug|x64.ActiveCfg = Debug|Any CPU
		{58E941EA-606A-479D-964B-946966B59D2A}.Debug|x86.ActiveCfg = Debug|Any CPU
		{58E941EA-606A-479D-964B-946966B59D2A}.Release|Any CPU.ActiveCfg = Release|Any CPU
		{58E941EA-606A-479D-964B-946966B59D2A}.Release|Any CPU.Build.0 = Release|Any CPU
		{58E941EA-606A-479D-964B-946966B59D2A}.Release|Any CPU.Deploy.0 = Release|Any CPU
		{58E941EA-606A-479D-964B-946966B59D2A}.Release|x64.ActiveCfg = Release|Any CPU
		{58E941EA-606A-479D-964B-946966B59D2A}.Release|x86.ActiveCfg = Release|Any CPU
		{4143D085-38CF-4640-BB05-2FDFFAF94D76}.Debug|Any CPU.ActiveCfg = Debug|Any CPU
		{4143D085-38CF-4640-BB05-2FDFFAF94D76}.Debug|Any CPU.Build.0 = Debug|Any CPU
		{4143D085-38CF-4640-BB05-2FDFFAF94D76}.Debug|x64.ActiveCfg = Debug|x64
		{4143D085-38CF-4640-BB05-2FDFFAF94D76}.Debug|x64.Build.0 = Debug|x64
		{4143D085-38CF-4640-BB05-2FDFFAF94D76}.Debug|x86.ActiveCfg = Debug|x86
		{4143D085-38CF-4640-BB05-2FDFFAF94D76}.Debug|x86.Build.0 = Debug|x86
		{4143D085-38CF-4640-BB05-2FDFFAF94D76}.Release|Any CPU.ActiveCfg = Release|Any CPU
		{4143D085-38CF-4640-BB05-2FDFFAF94D76}.Release|Any CPU.Build.0 = Release|Any CPU
		{4143D085-38CF-4640-BB05-2FDFFAF94D76}.Release|x64.ActiveCfg = Release|x64
		{4143D085-38CF-4640-BB05-2FDFFAF94D76}.Release|x64.Build.0 = Release|x64
		{4143D085-38CF-4640-BB05-2FDFFAF94D76}.Release|x86.ActiveCfg = Release|x86
		{4143D085-38CF-4640-BB05-2FDFFAF94D76}.Release|x86.Build.0 = Release|x86
		{359232C3-26C9-45D1-89AD-EA906F977213}.Debug|Any CPU.ActiveCfg = Debug|Any CPU
		{359232C3-26C9-45D1-89AD-EA906F977213}.Debug|Any CPU.Build.0 = Debug|Any CPU
		{359232C3-26C9-45D1-89AD-EA906F977213}.Debug|x64.ActiveCfg = Debug|Any CPU
		{359232C3-26C9-45D1-89AD-EA906F977213}.Debug|x86.ActiveCfg = Debug|Any CPU
		{359232C3-26C9-45D1-89AD-EA906F977213}.Release|Any CPU.ActiveCfg = Release|Any CPU
		{359232C3-26C9-45D1-89AD-EA906F977213}.Release|Any CPU.Build.0 = Release|Any CPU
		{359232C3-26C9-45D1-89AD-EA906F977213}.Release|x64.ActiveCfg = Release|Any CPU
		{359232C3-26C9-45D1-89AD-EA906F977213}.Release|x86.ActiveCfg = Release|Any CPU
		{BB1180AE-3FB9-41FC-9DCD-562DEB0B7DA4}.Debug|Any CPU.ActiveCfg = Debug|Any CPU
		{BB1180AE-3FB9-41FC-9DCD-562DEB0B7DA4}.Debug|Any CPU.Build.0 = Debug|Any CPU
		{BB1180AE-3FB9-41FC-9DCD-562DEB0B7DA4}.Debug|x64.ActiveCfg = Debug|Any CPU
		{BB1180AE-3FB9-41FC-9DCD-562DEB0B7DA4}.Debug|x86.ActiveCfg = Debug|Any CPU
		{BB1180AE-3FB9-41FC-9DCD-562DEB0B7DA4}.Release|Any CPU.ActiveCfg = Release|Any CPU
		{BB1180AE-3FB9-41FC-9DCD-562DEB0B7DA4}.Release|Any CPU.Build.0 = Release|Any CPU
		{BB1180AE-3FB9-41FC-9DCD-562DEB0B7DA4}.Release|x64.ActiveCfg = Release|Any CPU
		{BB1180AE-3FB9-41FC-9DCD-562DEB0B7DA4}.Release|x86.ActiveCfg = Release|Any CPU
		{E625A412-9075-4872-BD2B-4D8A4CD37A05}.Debug|Any CPU.ActiveCfg = Debug|Any CPU
		{E625A412-9075-4872-BD2B-4D8A4CD37A05}.Debug|Any CPU.Build.0 = Debug|Any CPU
		{E625A412-9075-4872-BD2B-4D8A4CD37A05}.Debug|x64.ActiveCfg = Debug|Any CPU
		{E625A412-9075-4872-BD2B-4D8A4CD37A05}.Debug|x86.ActiveCfg = Debug|Any CPU
		{E625A412-9075-4872-BD2B-4D8A4CD37A05}.Release|Any CPU.ActiveCfg = Release|Any CPU
		{E625A412-9075-4872-BD2B-4D8A4CD37A05}.Release|Any CPU.Build.0 = Release|Any CPU
		{E625A412-9075-4872-BD2B-4D8A4CD37A05}.Release|x64.ActiveCfg = Release|Any CPU
		{E625A412-9075-4872-BD2B-4D8A4CD37A05}.Release|x86.ActiveCfg = Release|Any CPU
	EndGlobalSection
	GlobalSection(SolutionProperties) = preSolution
		HideSolutionNode = FALSE
	EndGlobalSection
EndGlobal
